{
    "name": "lsp-repl",
    "version": "1.1.1",
    "lockfileVersion": 3,
    "requires": true,
    "packages": {
        "": {
            "name": "lsp-repl",
            "version": "1.1.1",
            "license": "MIT",
            "dependencies": {
                "vscode-jsonrpc": "^8.2.1"
            }
        },
        "node_modules/vscode-jsonrpc": {
            "version": "8.2.1",
            "resolved": "https://registry.npmjs.org/vscode-jsonrpc/-/vscode-jsonrpc-8.2.1.tgz",
            "integrity": "sha512-kdjOSJ2lLIn7r1rtrMbbNCHjyMPfRnowdKjBQ+mGq6NAW5QY2bEZC/khaC5OR8svbbjvLEaIXkOq45e2X9BIbQ==",
            "license": "MIT",
            "engines": {
                "node": ">=14.0.0"
            }
        }
    }
}
